// !$*UTF8*$!
{
	archiveVersion = 1;
	classes = {
	};
	objectVersion = 50;
	objects = {

/* Begin PBXBuildFile section */
		78A9D105251BBB3F009E12CE /* AppDelegate.swift in Sources */ = {isa = PBXBuildFile; fileRef = 78A9D104251BBB3F009E12CE /* AppDelegate.swift */; };
		78A9D107251BBB3F009E12CE /* SceneDelegate.swift in Sources */ = {isa = PBXBuildFile; fileRef = 78A9D106251BBB3F009E12CE /* SceneDelegate.swift */; };
		78A9D109251BBB3F009E12CE /* ViewController.swift in Sources */ = {isa = PBXBuildFile; fileRef = 78A9D108251BBB3F009E12CE /* ViewController.swift */; };
		78A9D10C251BBB3F009E12CE /* Main.storyboard in Resources */ = {isa = PBXBuildFile; fileRef = 78A9D10A251BBB3F009E12CE /* Main.storyboard */; };
		78A9D10E251BBB40009E12CE /* Assets.xcassets in Resources */ = {isa = PBXBuildFile; fileRef = 78A9D10D251BBB40009E12CE /* Assets.xcassets */; };
		78A9D111251BBB40009E12CE /* LaunchScreen.storyboard in Resources */ = {isa = PBXBuildFile; fileRef = 78A9D10F251BBB40009E12CE /* LaunchScreen.storyboard */; };
		78A9D11C251BBB41009E12CE /* studio1Tests.swift in Sources */ = {isa = PBXBuildFile; fileRef = 78A9D11B251BBB41009E12CE /* studio1Tests.swift */; };
		78A9D127251BBB41009E12CE /* studio1UITests.swift in Sources */ = {isa = PBXBuildFile; fileRef = 78A9D126251BBB41009E12CE /* studio1UITests.swift */; };
/* End PBXBuildFile section */

/* Begin PBXContainerItemProxy section */
		78A9D118251BBB41009E12CE /* PBXContainerItemProxy */ = {
			isa = PBXContainerItemProxy;
			containerPortal = 78A9D0F9251BBB3F009E12CE /* Project object */;
			proxyType = 1;
			remoteGlobalIDString = 78A9D100251BBB3F009E12CE;
			remoteInfo = studio1;
		};
		78A9D123251BBB41009E12CE /* PBXContainerItemProxy */ = {
			isa = PBXContainerItemProxy;
			containerPortal = 78A9D0F9251BBB3F009E12CE /* Project object */;
			proxyType = 1;
			remoteGlobalIDString = 78A9D100251BBB3F009E12CE;
			remoteInfo = studio1;
		};
/* End PBXContainerItemProxy section */

/* Begin PBXFileReference section */
		78A9D101251BBB3F009E12CE /* studio1.app */ = {isa = PBXFileReference; explicitFileType = wrapper.application; includeInIndex = 0; path = studio1.app; sourceTree = BUILT_PRODUCTS_DIR; };
		78A9D104251BBB3F009E12CE /* AppDelegate.swift */ = {isa = PBXFileReference; lastKnownFileType = sourcecode.swift; path = AppDelegate.swift; sourceTree = "<group>"; };
		78A9D106251BBB3F009E12CE /* SceneDelegate.swift */ = {isa = PBXFileReference; lastKnownFileType = sourcecode.swift; path = SceneDelegate.swift; sourceTree = "<group>"; };
		78A9D108251BBB3F009E12CE /* ViewController.swift */ = {isa = PBXFileReference; lastKnownFileType = sourcecode.swift; path = ViewController.swift; sourceTree = "<group>"; };
		78A9D10B251BBB3F009E12CE /* Base */ = {isa = PBXFileReference; lastKnownFileType = file.storyboard; name = Base; path = Base.lproj/Main.storyboard; sourceTree = "<group>"; };
		78A9D10D251BBB40009E12CE /* Assets.xcassets */ = {isa = PBXFileReference; lastKnownFileType = folder.assetcatalog; path = Assets.xcassets; sourceTree = "<group>"; };
		78A9D110251BBB40009E12CE /* Base */ = {isa = PBXFileReference; lastKnownFileType = file.storyboard; name = Base; path = Base.lproj/LaunchScreen.storyboard; sourceTree = "<group>"; };
		78A9D112251BBB40009E12CE /* Info.plist */ = {isa = PBXFileReference; lastKnownFileType = text.plist.xml; path = Info.plist; sourceTree = "<group>"; };
		78A9D117251BBB41009E12CE /* studio1Tests.xctest */ = {isa = PBXFileReference; explicitFileType = wrapper.cfbundle; includeInIndex = 0; path = studio1Tests.xctest; sourceTree = BUILT_PRODUCTS_DIR; };
		78A9D11B251BBB41009E12CE /* studio1Tests.swift */ = {isa = PBXFileReference; lastKnownFileType = sourcecode.swift; path = studio1Tests.swift; sourceTree = "<group>"; };
		78A9D11D251BBB41009E12CE /* Info.plist */ = {isa = PBXFileReference; lastKnownFileType = text.plist.xml; path = Info.plist; sourceTree = "<group>"; };
		78A9D122251BBB41009E12CE /* studio1UITests.xctest */ = {isa = PBXFileReference; explicitFileType = wrapper.cfbundle; includeInIndex = 0; path = studio1UITests.xctest; sourceTree = BUILT_PRODUCTS_DIR; };
		78A9D126251BBB41009E12CE /* studio1UITests.swift */ = {isa = PBXFileReference; lastKnownFileType = sourcecode.swift; path = studio1UITests.swift; sourceTree = "<group>"; };
		78A9D128251BBB41009E12CE /* Info.plist */ = {isa = PBXFileReference; lastKnownFileType = text.plist.xml; path = Info.plist; sourceTree = "<group>"; };
/* End PBXFileReference section */

/* Begin PBXFrameworksBuildPhase section */
		78A9D0FE251BBB3F009E12CE /* Frameworks */ = {
			isa = PBXFrameworksBuildPhase;
			buildActionMask = 2147483647;
			files = (
			);
			runOnlyForDeploymentPostprocessing = 0;
		};
		78A9D114251BBB41009E12CE /* Frameworks */ = {
			isa = PBXFrameworksBuildPhase;
			buildActionMask = 2147483647;
			files = (
			);
			runOnlyForDeploymentPostprocessing = 0;
		};
		78A9D11F251BBB41009E12CE /* Frameworks */ = {
			isa = PBXFrameworksBuildPhase;
			buildActionMask = 2147483647;
			files = (
			);
			runOnlyForDeploymentPostprocessing = 0;
		};
/* End PBXFrameworksBuildPhase section */

/* Begin PBXGroup section */
		78A9D0F8251BBB3F009E12CE = {
			isa = PBXGroup;
			children = (
				78A9D103251BBB3F009E12CE /* studio1 */,
				78A9D11A251BBB41009E12CE /* studio1Tests */,
				78A9D125251BBB41009E12CE /* studio1UITests */,
				78A9D102251BBB3F009E12CE /* Products */,
			);
			sourceTree = "<group>";
		};
		78A9D102251BBB3F009E12CE /* Products */ = {
			isa = PBXGroup;
			children = (
				78A9D101251BBB3F009E12CE /* studio1.app */,
				78A9D117251BBB41009E12CE /* studio1Tests.xctest */,
				78A9D122251BBB41009E12CE /* studio1UITests.xctest */,
			);
			name = Products;
			sourceTree = "<group>";
		};
		78A9D103251BBB3F009E12CE /* studio1 */ = {
			isa = PBXGroup;
			children = (
				78A9D104251BBB3F009E12CE /* AppDelegate.swift */,
				78A9D106251BBB3F009E12CE /* SceneDelegate.swift */,
				78A9D108251BBB3F009E12CE /* ViewController.swift */,
				78A9D10A251BBB3F009E12CE /* Main.storyboard */,
				78A9D10D251BBB40009E12CE /* Assets.xcassets */,
				78A9D10F251BBB40009E12CE /* LaunchScreen.storyboard */,
				78A9D112251BBB40009E12CE /* Info.plist */,
			);
			path = studio1;
			sourceTree = "<group>";
		};
		78A9D11A251BBB41009E12CE /* studio1Tests */ = {
			isa = PBXGroup;
			children = (
				78A9D11B251BBB41009E12CE /* studio1Tests.swift */,
				78A9D11D251BBB41009E12CE /* Info.plist */,
			);
			path = studio1Tests;
			sourceTree = "<group>";
		};
		78A9D125251BBB41009E12CE /* studio1UITests */ = {
			isa = PBXGroup;
			children = (
				78A9D126251BBB41009E12CE /* studio1UITests.swift */,
				78A9D128251BBB41009E12CE /* Info.plist */,
			);
			path = studio1UITests;
			sourceTree = "<group>";
		};
/* End PBXGroup section */

/* Begin PBXNativeTarget section */
		78A9D100251BBB3F009E12CE /* studio1 */ = {
			isa = PBXNativeTarget;
			buildConfigurationList = 78A9D12B251BBB41009E12CE /* Build configuration list for PBXNativeTarget "studio1" */;
			buildPhases = (
				78A9D0FD251BBB3F009E12CE /* Sources */,
				78A9D0FE251BBB3F009E12CE /* Frameworks */,
				78A9D0FF251BBB3F009E12CE /* Resources */,
			);
			buildRules = (
			);
			dependencies = (
			);
			name = studio1;
			productName = studio1;
			productReference = 78A9D101251BBB3F009E12CE /* studio1.app */;
			productType = "com.apple.product-type.application";
		};
		78A9D116251BBB41009E12CE /* studio1Tests */ = {
			isa = PBXNativeTarget;
			buildConfigurationList = 78A9D12E251BBB41009E12CE /* Build configuration list for PBXNativeTarget "studio1Tests" */;
			buildPhases = (
				78A9D113251BBB41009E12CE /* Sources */,
				78A9D114251BBB41009E12CE /* Frameworks */,
				78A9D115251BBB41009E12CE /* Resources */,
			);
			buildRules = (
			);
			dependencies = (
				78A9D119251BBB41009E12CE /* PBXTargetDependency */,
			);
			name = studio1Tests;
			productName = studio1Tests;
			productReference = 78A9D117251BBB41009E12CE /* studio1Tests.xctest */;
			productType = "com.apple.product-type.bundle.unit-test";
		};
		78A9D121251BBB41009E12CE /* studio1UITests */ = {
			isa = PBXNativeTarget;
			buildConfigurationList = 78A9D131251BBB41009E12CE /* Build configuration list for PBXNativeTarget "studio1UITests" */;
			buildPhases = (
				78A9D11E251BBB41009E12CE /* Sources */,
				78A9D11F251BBB41009E12CE /* Frameworks */,
				78A9D120251BBB41009E12CE /* Resources */,
			);
			buildRules = (
			);
			dependencies = (
				78A9D124251BBB41009E12CE /* PBXTargetDependency */,
			);
			name = studio1UITests;
			productName = studio1UITests;
			productReference = 78A9D122251BBB41009E12CE /* studio1UITests.xctest */;
			productType = "com.apple.product-type.bundle.ui-testing";
		};
/* End PBXNativeTarget section */

/* Begin PBXProject section */
		78A9D0F9251BBB3F009E12CE /* Project object */ = {
			isa = PBXProject;
			attributes = {
				LastSwiftUpdateCheck = 1150;
				LastUpgradeCheck = 1150;
				ORGANIZATIONNAME = "Anda Gavrilescu";
				TargetAttributes = {
					78A9D100251BBB3F009E12CE = {
						CreatedOnToolsVersion = 11.5;
					};
					78A9D116251BBB41009E12CE = {
						CreatedOnToolsVersion = 11.5;
						TestTargetID = 78A9D100251BBB3F009E12CE;
					};
					78A9D121251BBB41009E12CE = {
						CreatedOnToolsVersion = 11.5;
						TestTargetID = 78A9D100251BBB3F009E12CE;
					};
				};
			};
			buildConfigurationList = 78A9D0FC251BBB3F009E12CE /* Build configuration list for PBXProject "studio1" */;
			compatibilityVersion = "Xcode 9.3";
			developmentRegion = en;
			hasScannedForEncodings = 0;
			knownRegions = (
				en,
				Base,
			);
			mainGroup = 78A9D0F8251BBB3F009E12CE;
			productRefGroup = 78A9D102251BBB3F009E12CE /* Products */;
			projectDirPath = "";
			projectRoot = "";
			targets = (
				78A9D100251BBB3F009E12CE /* studio1 */,
				78A9D116251BBB41009E12CE /* studio1Tests */,
				78A9D121251BBB41009E12CE /* studio1UITests */,
			);
		};
/* End PBXProject section */

/* Begin PBXResourcesBuildPhase section */
		78A9D0FF251BBB3F009E12CE /* Resources */ = {
			isa = PBXResourcesBuildPhase;
			buildActionMask = 2147483647;
			files = (
				78A9D111251BBB40009E12CE /* LaunchScreen.storyboard in Resources */,
				78A9D10E251BBB40009E12CE /* Assets.xcassets in Resources */,
				78A9D10C251BBB3F009E12CE /* Main.storyboard in Resources */,
			);
			runOnlyForDeploymentPostprocessing = 0;
		};
		78A9D115251BBB41009E12CE /* Resources */ = {
			isa = PBXResourcesBuildPhase;
			buildActionMask = 2147483647;
			files = (
			);
			runOnlyForDeploymentPostprocessing = 0;
		};
		78A9D120251BBB41009E12CE /* Resources */ = {
			isa = PBXResourcesBuildPhase;
			buildActionMask = 2147483647;
			files = (
			);
			runOnlyForDeploymentPostprocessing = 0;
		};
/* End PBXResourcesBuildPhase section */

/* Begin PBXSourcesBuildPhase section */
		78A9D0FD251BBB3F009E12CE /* Sources */ = {
			isa = PBXSourcesBuildPhase;
			buildActionMask = 2147483647;
			files = (
				78A9D109251BBB3F009E12CE /* ViewController.swift in Sources */,
				78A9D105251BBB3F009E12CE /* AppDelegate.swift in Sources */,
				78A9D107251BBB3F009E12CE /* SceneDelegate.swift in Sources */,
			);
			runOnlyForDeploymentPostprocessing = 0;
		};
		78A9D113251BBB41009E12CE /* Sources */ = {
			isa = PBXSourcesBuildPhase;
			buildActionMask = 2147483647;
			files = (
				78A9D11C251BBB41009E12CE /* studio1Tests.swift in Sources */,
			);
			runOnlyForDeploymentPostprocessing = 0;
		};
		78A9D11E251BBB41009E12CE /* Sources */ = {
			isa = PBXSourcesBuildPhase;
			buildActionMask = 2147483647;
			files = (
				78A9D127251BBB41009E12CE /* studio1UITests.swift in Sources */,
			);
			runOnlyForDeploymentPostprocessing = 0;
		};
/* End PBXSourcesBuildPhase section */

/* Begin PBXTargetDependency section */
		78A9D119251BBB41009E12CE /* PBXTargetDependency */ = {
			isa = PBXTargetDependency;
			target = 78A9D100251BBB3F009E12CE /* studio1 */;
			targetProxy = 78A9D118251BBB41009E12CE /* PBXContainerItemProxy */;
		};
		78A9D124251BBB41009E12CE /* PBXTargetDependency */ = {
			isa = PBXTargetDependency;
			target = 78A9D100251BBB3F009E12CE /* studio1 */;
			targetProxy = 78A9D123251BBB41009E12CE /* PBXContainerItemProxy */;
		};
/* End PBXTargetDependency section */

/* Begin PBXVariantGroup section */
		78A9D10A251BBB3F009E12CE /* Main.storyboard */ = {
			isa = PBXVariantGroup;
			children = (
				78A9D10B251BBB3F009E12CE /* Base */,
			);
			name = Main.storyboard;
			sourceTree = "<group>";
		};
		78A9D10F251BBB40009E12CE /* LaunchScreen.storyboard */ = {
			isa = PBXVariantGroup;
			children = (
				78A9D110251BBB40009E12CE /* Base */,
			);
			name = LaunchScreen.storyboard;
			sourceTree = "<group>";
		};
/* End PBXVariantGroup section */

/* Begin XCBuildConfiguration section */
		78A9D129251BBB41009E12CE /* Debug */ = {
			isa = XCBuildConfiguration;
			buildSettings = {
				ALWAYS_SEARCH_USER_PATHS = NO;
				CLANG_ANALYZER_NONNULL = YES;
				CLANG_ANALYZER_NUMBER_OBJECT_CONVERSION = YES_AGGRESSIVE;
				CLANG_CXX_LANGUAGE_STANDARD = "gnu++14";
				CLANG_CXX_LIBRARY = "libc++";
				CLANG_ENABLE_MODULES = YES;
				CLANG_ENABLE_OBJC_ARC = YES;
				CLANG_ENABLE_OBJC_WEAK = YES;
				CLANG_WARN_BLOCK_CAPTURE_AUTORELEASING = YES;
				CLANG_WARN_BOOL_CONVERSION = YES;
				CLANG_WARN_COMMA = YES;
				CLANG_WARN_CONSTANT_CONVERSION = YES;
				CLANG_WARN_DEPRECATED_OBJC_IMPLEMENTATIONS = YES;
				CLANG_WARN_DIRECT_OBJC_ISA_USAGE = YES_ERROR;
				CLANG_WARN_DOCUMENTATION_COMMENTS = YES;
				CLANG_WARN_EMPTY_BODY = YES;
				CLANG_WARN_ENUM_CONVERSION = YES;
				CLANG_WARN_INFINITE_RECURSION = YES;
				CLANG_WARN_INT_CONVERSION = YES;
				CLANG_WARN_NON_LITERAL_NULL_CONVERSION = YES;
				CLANG_WARN_OBJC_IMPLICIT_RETAIN_SELF = YES;
				CLANG_WARN_OBJC_LITERAL_CONVERSION = YES;
				CLANG_WARN_OBJC_ROOT_CLASS = YES_ERROR;
				CLANG_WARN_RANGE_LOOP_ANALYSIS = YES;
				CLANG_WARN_STRICT_PROTOTYPES = YES;
				CLANG_WARN_SUSPICIOUS_MOVE = YES;
				CLANG_WARN_UNGUARDED_AVAILABILITY = YES_AGGRESSIVE;
				CLANG_WARN_UNREACHABLE_CODE = YES;
				CLANG_WARN__DUPLICATE_METHOD_MATCH = YES;
				COPY_PHASE_STRIP = NO;
				DEBUG_INFORMATION_FORMAT = dwarf;
				ENABLE_STRICT_OBJC_MSGSEND = YES;
				ENABLE_TESTABILITY = YES;
				GCC_C_LANGUAGE_STANDARD = gnu11;
				GCC_DYNAMIC_NO_PIC = NO;
				GCC_NO_COMMON_BLOCKS = YES;
				GCC_OPTIMIZATION_LEVEL = 0;
				GCC_PREPROCESSOR_DEFINITIONS = (
					"DEBUG=1",
					"$(inherited)",
				);
				GCC_WARN_64_TO_32_BIT_CONVERSION = YES;
				GCC_WARN_ABOUT_RETURN_TYPE = YES_ERROR;
				GCC_WARN_UNDECLARED_SELECTOR = YES;
				GCC_WARN_UNINITIALIZED_AUTOS = YES_AGGRESSIVE;
				GCC_WARN_UNUSED_FUNCTION = YES;
				GCC_WARN_UNUSED_VARIABLE = YES;
				IPHONEOS_DEPLOYMENT_TARGET = 13.5;
				MTL_ENABLE_DEBUG_INFO = INCLUDE_SOURCE;
				MTL_FAST_MATH = YES;
				ONLY_ACTIVE_ARCH = YES;
				SDKROOT = iphoneos;
				SWIFT_ACTIVE_COMPILATION_CONDITIONS = DEBUG;
				SWIFT_OPTIMIZATION_LEVEL = "-Onone";
			};
			name = Debug;
		};
		78A9D12A251BBB41009E12CE /* Release */ = {
			isa = XCBuildConfiguration;
			buildSettings = {
				ALWAYS_SEARCH_USER_PATHS = NO;
				CLANG_ANALYZER_NONNULL = YES;
				CLANG_ANALYZER_NUMBER_OBJECT_CONVERSION = YES_AGGRESSIVE;
				CLANG_CXX_LANGUAGE_STANDARD = "gnu++14";
				CLANG_CXX_LIBRARY = "libc++";
				CLANG_ENABLE_MODULES = YES;
				CLANG_ENABLE_OBJC_ARC = YES;
				CLANG_ENABLE_OBJC_WEAK = YES;
				CLANG_WARN_BLOCK_CAPTURE_AUTORELEASING = YES;
				CLANG_WARN_BOOL_CONVERSION = YES;
				CLANG_WARN_COMMA = YES;
				CLANG_WARN_CONSTANT_CONVERSION = YES;
				CLANG_WARN_DEPRECATED_OBJC_IMPLEMENTATIONS = YES;
				CLANG_WARN_DIRECT_OBJC_ISA_USAGE = YES_ERROR;
				CLANG_WARN_DOCUMENTATION_COMMENTS = YES;
				CLANG_WARN_EMPTY_BODY = YES;
				CLANG_WARN_ENUM_CONVERSION = YES;
				CLANG_WARN_INFINITE_RECURSION = YES;
				CLANG_WARN_INT_CONVERSION = YES;
				CLANG_WARN_NON_LITERAL_NULL_CONVERSION = YES;
				CLANG_WARN_OBJC_IMPLICIT_RETAIN_SELF = YES;
				CLANG_WARN_OBJC_LITERAL_CONVERSION = YES;
				CLANG_WARN_OBJC_ROOT_CLASS = YES_ERROR;
				CLANG_WARN_RANGE_LOOP_ANALYSIS = YES;
				CLANG_WARN_STRICT_PROTOTYPES = YES;
				CLANG_WARN_SUSPICIOUS_MOVE = YES;
				CLANG_WARN_UNGUARDED_AVAILABILITY = YES_AGGRESSIVE;
				CLANG_WARN_UNREACHABLE_CODE = YES;
				CLANG_WARN__DUPLICATE_METHOD_MATCH = YES;
				COPY_PHASE_STRIP = NO;
				DEBUG_INFORMATION_FORMAT = "dwarf-with-dsym";
				ENABLE_NS_ASSERTIONS = NO;
				ENABLE_STRICT_OBJC_MSGSEND = YES;
				GCC_C_LANGUAGE_STANDARD = gnu11;
				GCC_NO_COMMON_BLOCKS = YES;
				GCC_WARN_64_TO_32_BIT_CONVERSION = YES;
				GCC_WARN_ABOUT_RETURN_TYPE = YES_ERROR;
				GCC_WARN_UNDECLARED_SELECTOR = YES;
				GCC_WARN_UNINITIALIZED_AUTOS = YES_AGGRESSIVE;
				GCC_WARN_UNUSED_FUNCTION = YES;
				GCC_WARN_UNUSED_VARIABLE = YES;
				IPHONEOS_DEPLOYMENT_TARGET = 13.5;
				MTL_ENABLE_DEBUG_INFO = NO;
				MTL_FAST_MATH = YES;
				SDKROOT = iphoneos;
				SWIFT_COMPILATION_MODE = wholemodule;
				SWIFT_OPTIMIZATION_LEVEL = "-O";
				VALIDATE_PRODUCT = YES;
			};
			name = Release;
		};
		78A9D12C251BBB41009E12CE /* Debug */ = {
			isa = XCBuildConfiguration;
			buildSettings = {
				ASSETCATALOG_COMPILER_APPICON_NAME = AppIcon;
				CODE_SIGN_STYLE = Automatic;
				DEVELOPMENT_TEAM = 663K35XT9L;
				INFOPLIST_FILE = studio1/Info.plist;
				LD_RUNPATH_SEARCH_PATHS = (
					"$(inherited)",
					"@executable_path/Frameworks",
				);
				PRODUCT_BUNDLE_IDENTIFIER = andagavrilescu.studio1;
				PRODUCT_NAME = "$(TARGET_NAME)";
				SWIFT_VERSION = 5.0;
				TARGETED_DEVICE_FAMILY = "1,2";
			};
			name = Debug;
		};
		78A9D12D251BBB41009E12CE /* Release */ = {
			isa = XCBuildConfiguration;
			buildSettings = {
				ASSETCATALOG_COMPILER_APPICON_NAME = AppIcon;
				CODE_SIGN_STYLE = Automatic;
				DEVELOPMENT_TEAM = 663K35XT9L;
				INFOPLIST_FILE = studio1/Info.plist;
				LD_RUNPATH_SEARCH_PATHS = (
					"$(inherited)",
					"@executable_path/Frameworks",
				);
				PRODUCT_BUNDLE_IDENTIFIER = andagavrilescu.studio1;
				PRODUCT_NAME = "$(TARGET_NAME)";
				SWIFT_VERSION = 5.0;
				TARGETED_DEVICE_FAMILY = "1,2";
			};
			name = Release;
		};
		78A9D12F251BBB41009E12CE /* Debug */ = {
			isa = XCBuildConfiguration;
			buildSettings = {
				ALWAYS_EMBED_SWIFT_STANDARD_LIBRARIES = YES;
				BUNDLE_LOADER = "$(TEST_HOST)";
				CODE_SIGN_STYLE = Automatic;
				DEVELOPMENT_TEAM = 663K35XT9L;
				INFOPLIST_FILE = studio1Tests/Info.plist;
				IPHONEOS_DEPLOYMENT_TARGET = 13.5;
				LD_RUNPATH_SEARCH_PATHS = (
					"$(inherited)",
					"@executable_path/Frameworks",
					"@loader_path/Frameworks",
				);
				PRODUCT_BUNDLE_IDENTIFIER = andagavrilescu.studio1Tests;
				PRODUCT_NAME = "$(TARGET_NAME)";
				SWIFT_VERSION = 5.0;
				TARGETED_DEVICE_FAMILY = "1,2";
				TEST_HOST = "$(BUILT_PRODUCTS_DIR)/studio1.app/studio1";
			};
			name = Debug;
		};
		78A9D130251BBB41009E12CE /* Release */ = {
			isa = XCBuildConfiguration;
			buildSettings = {
				ALWAYS_EMBED_SWIFT_STANDARD_LIBRARIES = YES;
				BUNDLE_LOADER = "$(TEST_HOST)";
				CODE_SIGN_STYLE = Automatic;
				DEVELOPMENT_TEAM = 663K35XT9L;
				INFOPLIST_FILE = studio1Tests/Info.plist;
				IPHONEOS_DEPLOYMENT_TARGET = 13.5;
				LD_RUNPATH_SEARCH_PATHS = (
					"$(inherited)",
					"@executable_path/Frameworks",
					"@loader_path/Frameworks",
				);
				PRODUCT_BUNDLE_IDENTIFIER = andagavrilescu.studio1Tests;
				PRODUCT_NAME = "$(TARGET_NAME)";
				SWIFT_VERSION = 5.0;
				TARGETED_DEVICE_FAMILY = "1,2";
				TEST_HOST = "$(BUILT_PRODUCTS_DIR)/studio1.app/studio1";
			};
			name = Release;
		};
		78A9D132251BBB41009E12CE /* Debug */ = {
			isa = XCBuildConfiguration;
			buildSettings = {
				ALWAYS_EMBED_SWIFT_STANDARD_LIBRARIES = YES;
				CODE_SIGN_STYLE = Automatic;
				DEVELOPMENT_TEAM = 663K35XT9L;
				INFOPLIST_FILE = studio1UITests/Info.plist;
				LD_RUNPATH_SEARCH_PATHS = (
					"$(inherited)",
					"@executable_path/Frameworks",
					"@loader_path/Frameworks",
				);
				PRODUCT_BUNDLE_IDENTIFIER = andagavrilescu.studio1UITests;
				PRODUCT_NAME = "$(TARGET_NAME)";
				SWIFT_VERSION = 5.0;
				TARGETED_DEVICE_FAMILY = "1,2";
				TEST_TARGET_NAME = studio1;
			};
			name = Debug;
		};
		78A9D133251BBB41009E12CE /* Release */ = {
			isa = XCBuildConfiguration;
			buildSettings = {
				ALWAYS_EMBED_SWIFT_STANDARD_LIBRARIES = YES;
				CODE_SIGN_STYLE = Automatic;
				DEVELOPMENT_TEAM = 663K35XT9L;
				INFOPLIST_FILE = studio1UITests/Info.plist;
				LD_RUNPATH_SEARCH_PATHS = (
					"$(inherited)",
					"@executable_path/Frameworks",
					"@loader_path/Frameworks",
				);
				PRODUCT_BUNDLE_IDENTIFIER = andagavrilescu.studio1UITests;
				PRODUCT_NAME = "$(TARGET_NAME)";
				SWIFT_VERSION = 5.0;
				TARGETED_DEVICE_FAMILY = "1,2";
				TEST_TARGET_NAME = studio1;
			};
			name = Release;
		};
/* End XCBuildConfiguration section */

/* Begin XCConfigurationList section */
		78A9D0FC251BBB3F009E12CE /* Build configuration list for PBXProject "studio1" */ = {
			isa = XCConfigurationList;
			buildConfigurations = (
				78A9D129251BBB41009E12CE /* Debug */,
				78A9D12A251BBB41009E12CE /* Release */,
			);
			defaultConfigurationIsVisible = 0;
			defaultConfigurationName = Release;
		};
		78A9D12B251BBB41009E12CE /* Build configuration list for PBXNativeTarget "studio1" */ = {
			isa = XCConfigurationList;
			buildConfigurations = (
				78A9D12C251BBB41009E12CE /* Debug */,
				78A9D12D251BBB41009E12CE /* Release */,
			);
			defaultConfigurationIsVisible = 0;
			defaultConfigurationName = Release;
		};
		78A9D12E251BBB41009E12CE /* Build configuration list for PBXNativeTarget "studio1Tests" */ = {
			isa = XCConfigurationList;
			buildConfigurations = (
				78A9D12F251BBB41009E12CE /* Debug */,
				78A9D130251BBB41009E12CE /* Release */,
			);
			defaultConfigurationIsVisible = 0;
			defaultConfigurationName = Release;
		};
		78A9D131251BBB41009E12CE /* Build configuration list for PBXNativeTarget "studio1UITests" */ = {
			isa = XCConfigurationList;
			buildConfigurations = (
				78A9D132251BBB41009E12CE /* Debug */,
				78A9D133251BBB41009E12CE /* Release */,
			);
			defaultConfigurationIsVisible = 0;
			defaultConfigurationName = Release;
		};
/* End XCConfigurationList section */
	};
	rootObject = 78A9D0F9251BBB3F009E12CE /* Project object */;
}
